# This file is autogenerated, do not edit; changes may be undone by the next 'dep ensure'.


[[projects]]
  digest = "1:948a7a65ae33de97f0ad1a080f70bdb5f5d539f59caa0de2fc9d1b1f5f9a5911"
  name = "github.com/chromedp/cdproto"
  packages = [
    ".",
    "accessibility",
    "animation",
    "applicationcache",
    "audits",
    "backgroundservice",
    "browser",
    "cachestorage",
    "cast",
    "cdp",
    "css",
    "database",
    "debugger",
    "deviceorientation",
    "dom",
    "domdebugger",
    "domsnapshot",
    "domstorage",
    "emulation",
    "fetch",
    "headlessexperimental",
    "heapprofiler",
    "indexeddb",
    "input",
    "inspector",
    "io",
    "layertree",
    "log",
    "media",
    "memory",
    "network",
    "overlay",
    "page",
    "performance",
    "profiler",
    "runtime",
    "security",
    "serviceworker",
    "storage",
    "systeminfo",
    "target",
    "tethering",
    "tracing",
    "webaudio",
    "webauthn",
  ]
  pruneopts = "UT"
  revision = "4da64dd111ac8d969e24d553bc977b0b7e276e24"

[[projects]]
  branch = "master"
  digest = "1:368ba96ddacaae2fe265afcac3062a199908f7dc0c6569d6e05a7a13042cccf1"
  name = "github.com/gobwas/httphead"
  packages = ["."]
  pruneopts = "UT"
  revision = "2c6c146eadee0b69f856f87e3e9f1d0cd6aad2f5"

[[projects]]
  digest = "1:bdfe3b97ff03e4f7252c74cfaefb20050a360c8fb760701014ebf99c9540abd1"
  name = "github.com/gobwas/pool"
  packages = [
    ".",
    "internal/pmath",
    "pbufio",
    "pbytes",
  ]
  pruneopts = "UT"
  revision = "fa3125c39d7eca32e1387bb69b1b38dcb31b1e0b"
  version = "v0.2.0"

[[projects]]
  digest = "1:8e4c3d4eb425508b774259aa653eaea4add190cfc50c983be10fa0a7e8312d45"
  name = "github.com/gobwas/ws"
  packages = [
    ".",
    "wsutil",
  ]
  pruneopts = "UT"
  revision = "d1714d5c972f3cb2bbb9fa93516825307beb4207"
  version = "v1.0.3"

[[projects]]
  branch = "master"
  digest = "1:5565954a979057d9bb093b1001f804d6e0ebdf3917117f3e7319b1d6f083ddc5"
  name = "github.com/knq/sysutil"
  packages = ["."]
  pruneopts = "UT"
  revision = "15668db23d08158adb81783bf9e1617e7ca99c10"

[[projects]]
  digest = "1:f185feea652cdd12ed1683601cfeffd09c081995fc8140de046d8910709ac3dc"
  name = "github.com/mailru/easyjson"
  packages = [
    ".",
    "buffer",
    "jlexer",
    "jwriter",
  ]
  pruneopts = "UT"
  revision = "8edcc4e51f39ddbd3505a3386aff3f435a7fd028"
  version = "v0.7.1"

[[projects]]
  branch = "master"
  digest = "1:7d9e0fca00623428d7d22eb5aceb40b7e44c5396d921282de33d83fd79dce51d"
  name = "golang.org/x/sys"
  packages = ["unix"]
  pruneopts = "UT"
  revision = "9dae0f8f577553e0f21298e18926efc9644c281d"

[[projects]]
  digest = "1:44e382e2f5af1e58d4d6dafe7c4ecbc7cb37a1a8ce08260ad731909b4b188ea2"
  name = "gonum.org/v1/gonum"
  packages = [
    "floats",
    "internal/asm/f64",
  ]
  pruneopts = "UT"
  revision = "960a37950cca5ec8d1efe76ed4eec9dfe3065bd6"
  version = "v0.7.0"

[solve-meta]
  analyzer-name = "dep"
  analyzer-version = 1
  input-imports = [
    "github.com/chromedp/cdproto",
    "github.com/chromedp/cdproto/browser",
    "github.com/chromedp/cdproto/cdp",
    "github.com/chromedp/cdproto/css",
    "github.com/chromedp/cdproto/dom",
    "github.com/chromedp/cdproto/emulation",
    "github.com/chromedp/cdproto/input",
    "github.com/chromedp/cdproto/inspector",
    "github.com/chromedp/cdproto/log",
    "github.com/chromedp/cdproto/page",
    "github.com/chromedp/cdproto/runtime",
    "github.com/chromedp/cdproto/target",
    "github.com/gobwas/ws",
    "github.com/gobwas/ws/wsutil",
    "github.com/mailru/easyjson",
    "github.com/mailru/easyjson/jlexer",
    "github.com/mailru/easyjson/jwriter",
    "gonum.org/v1/gonum/floats",
  ]
  solver-name = "gps-cdcl"
  solver-version = 1
